
Microsoft Visual Studio Solution File, Format Version 12.00
# Visual Studio Version 16
VisualStudioVersion = 16.0.30523.141
MinimumVisualStudioVersion = 10.0.40219.1
Project("{9A19103F-16F7-4668-BE54-9A1E7A4F7556}") = "Northwind", "Northwind\Northwind.csproj", "{BEF0B939-9743-437B-ACD0-69442B1F56B1}"
EndProject
Project("{9A19103F-16F7-4668-BE54-9A1E7A4F7556}") = "Northwind.Data", "Northwind.DataAccess\Northwind.Data.csproj", "{5366DC2D-E1BB-4090-AD64-A3FEAE49228F}"
EndProject
Project("{9A19103F-16F7-4668-BE54-9A1E7A4F7556}") = "Northwind.Data.Domain", "Northwind.Domain\Northwind.Data.Domain.csproj", "{906EB697-3ADF-41E3-BDEE-742CCF82BA8C}"
EndProject
Project("{9A19103F-16F7-4668-BE54-9A1E7A4F7556}") = "Northwind.Business", "Northwind.Business\Northwind.Business.csproj", "{53F2807E-157B-45C2-AB06-CE535DC82E4B}"
EndProject
Project("{9A19103F-16F7-4668-BE54-9A1E7A4F7556}") = "Northwind.UnitTest", "test\Northwind.Test\Northwind.UnitTest.csproj", "{3A1AA060-62FD-4B8B-B73F-8BA7B0D4ABD6}"
EndProject
Project("{9A19103F-16F7-4668-BE54-9A1E7A4F7556}") = "Northwind.IntegrationTest", "Northwind.IntegrationTest\Northwind.IntegrationTest.csproj", "{6ABC3667-A2FB-43E4-A7B2-40D5D3AED9F5}"
EndProject
Project("{9A19103F-16F7-4668-BE54-9A1E7A4F7556}") = "Northwind.Api", "Northwind.Api\Northwind.Api.csproj", "{9E2E5F3F-951D-47CC-A124-F7168FCFC09A}"
EndProject
Project("{9A19103F-16F7-4668-BE54-9A1E7A4F7556}") = "Northwind.Infrastructure", "Northwind.Infrastructure\Northwind.Infrastructure.csproj", "{BE50FAF5-5FD3-4B4F-BBF2-9B757A1BEE6E}"
EndProject
Project("{9A19103F-16F7-4668-BE54-9A1E7A4F7556}") = "Northwind.ConsoleClient", "Northwind.ConsoleClient\Northwind.ConsoleClient.csproj", "{5BC56E10-34F8-45EA-A54E-4DE9F3913128}"
EndProject
Global
	GlobalSection(SolutionConfigurationPlatforms) = preSolution
		Debug|Any CPU = Debug|Any CPU
		Release|Any CPU = Release|Any CPU
	EndGlobalSection
	GlobalSection(ProjectConfigurationPlatforms) = postSolution
		{BEF0B939-9743-437B-ACD0-69442B1F56B1}.Debug|Any CPU.ActiveCfg = Debug|Any CPU
		{BEF0B939-9743-437B-ACD0-69442B1F56B1}.Debug|Any CPU.Build.0 = Debug|Any CPU
		{BEF0B939-9743-437B-ACD0-69442B1F56B1}.Release|Any CPU.ActiveCfg = Release|Any CPU
		{BEF0B939-9743-437B-ACD0-69442B1F56B1}.Release|Any CPU.Build.0 = Release|Any CPU
		{5366DC2D-E1BB-4090-AD64-A3FEAE49228F}.Debug|Any CPU.ActiveCfg = Debug|Any CPU
		{5366DC2D-E1BB-4090-AD64-A3FEAE49228F}.Debug|Any CPU.Build.0 = Debug|Any CPU
		{5366DC2D-E1BB-4090-AD64-A3FEAE49228F}.Release|Any CPU.ActiveCfg = Release|Any CPU
		{5366DC2D-E1BB-4090-AD64-A3FEAE49228F}.Release|Any CPU.Build.0 = Release|Any CPU
		{906EB697-3ADF-41E3-BDEE-742CCF82BA8C}.Debug|Any CPU.ActiveCfg = Debug|Any CPU
		{906EB697-3ADF-41E3-BDEE-742CCF82BA8C}.Debug|Any CPU.Build.0 = Debug|Any CPU
		{906EB697-3ADF-41E3-BDEE-742CCF82BA8C}.Release|Any CPU.ActiveCfg = Release|Any CPU
		{906EB697-3ADF-41E3-BDEE-742CCF82BA8C}.Release|Any CPU.Build.0 = Release|Any CPU
		{53F2807E-157B-45C2-AB06-CE535DC82E4B}.Debug|Any CPU.ActiveCfg = Debug|Any CPU
		{53F2807E-157B-45C2-AB06-CE535DC82E4B}.Debug|Any CPU.Build.0 = Debug|Any CPU
		{53F2807E-157B-45C2-AB06-CE535DC82E4B}.Release|Any CPU.ActiveCfg = Release|Any CPU
		{53F2807E-157B-45C2-AB06-CE535DC82E4B}.Release|Any CPU.Build.0 = Release|Any CPU
		{3A1AA060-62FD-4B8B-B73F-8BA7B0D4ABD6}.Debug|Any CPU.ActiveCfg = Debug|Any CPU
		{3A1AA060-62FD-4B8B-B73F-8BA7B0D4ABD6}.Debug|Any CPU.Build.0 = Debug|Any CPU
		{3A1AA060-62FD-4B8B-B73F-8BA7B0D4ABD6}.Release|Any CPU.ActiveCfg = Release|Any CPU
		{3A1AA060-62FD-4B8B-B73F-8BA7B0D4ABD6}.Release|Any CPU.Build.0 = Release|Any CPU
		{6ABC3667-A2FB-43E4-A7B2-40D5D3AED9F5}.Debug|Any CPU.ActiveCfg = Debug|Any CPU
		{6ABC3667-A2FB-43E4-A7B2-40D5D3AED9F5}.Debug|Any CPU.Build.0 = Debug|Any CPU
		{6ABC3667-A2FB-43E4-A7B2-40D5D3AED9F5}.Release|Any CPU.ActiveCfg = Release|Any CPU
		{6ABC3667-A2FB-43E4-A7B2-40D5D3AED9F5}.Release|Any CPU.Build.0 = Release|Any CPU
		{9E2E5F3F-951D-47CC-A124-F7168FCFC09A}.Debug|Any CPU.ActiveCfg = Debug|Any CPU
		{9E2E5F3F-951D-47CC-A124-F7168FCFC09A}.Debug|Any CPU.Build.0 = Debug|Any CPU
		{9E2E5F3F-951D-47CC-A124-F7168FCFC09A}.Release|Any CPU.ActiveCfg = Release|Any CPU
		{9E2E5F3F-951D-47CC-A124-F7168FCFC09A}.Release|Any CPU.Build.0 = Release|Any CPU
		{BE50FAF5-5FD3-4B4F-BBF2-9B757A1BEE6E}.Debug|Any CPU.ActiveCfg = Debug|Any CPU
		{BE50FAF5-5FD3-4B4F-BBF2-9B757A1BEE6E}.Debug|Any CPU.Build.0 = Debug|Any CPU
		{BE50FAF5-5FD3-4B4F-BBF2-9B757A1BEE6E}.Release|Any CPU.ActiveCfg = Release|Any CPU
		{BE50FAF5-5FD3-4B4F-BBF2-9B757A1BEE6E}.Release|Any CPU.Build.0 = Release|Any CPU
		{5BC56E10-34F8-45EA-A54E-4DE9F3913128}.Debug|Any CPU.ActiveCfg = Debug|Any CPU
		{5BC56E10-34F8-45EA-A54E-4DE9F3913128}.Debug|Any CPU.Build.0 = Debug|Any CPU
		{5BC56E10-34F8-45EA-A54E-4DE9F3913128}.Release|Any CPU.ActiveCfg = Release|Any CPU
		{5BC56E10-34F8-45EA-A54E-4DE9F3913128}.Release|Any CPU.Build.0 = Release|Any CPU
	EndGlobalSection
	GlobalSection(SolutionProperties) = preSolution
		HideSolutionNode = FALSE
	EndGlobalSection
	GlobalSection(ExtensibilityGlobals) = postSolution
		SolutionGuid = {0F298DC6-3080-452F-9E18-66A95715DE9A}
	EndGlobalSection
EndGlobal
